
Microsoft Visual Studio Solution File, Format Version 12.00
# Visual Studio 15
Project("{FAE04EC0-301F-11D3-BF4B-00C04F79EFBC}") = "Assembly-CSharp", "Assembly-CSharp.csproj", "{902723D8-FCB5-BEAD-5C9D-8216F3428C1B}"
EndProject
Global
	GlobalSection(SolutionConfigurationPlatforms) = preSolution
		Debug|Any CPU = Debug|Any CPU
		Release|Any CPU = Release|Any CPU
	EndGlobalSection
	GlobalSection(ProjectConfigurationPlatforms) = postSolution
		{902723D8-FCB5-BEAD-5C9D-8216F3428C1B}.Debug|Any CPU.ActiveCfg = Debug|Any CPU
		{902723D8-FCB5-BEAD-5C9D-8216F3428C1B}.Debug|Any CPU.Build.0 = Debug|Any CPU
		{902723D8-FCB5-BEAD-5C9D-8216F3428C1B}.Release|Any CPU.ActiveCfg = Release|Any CPU
		{902723D8-FCB5-BEAD-5C9D-8216F3428C1B}.Release|Any CPU.Build.0 = Release|Any CPU
	EndGlobalSection
	GlobalSection(SolutionProperties) = preSolution
		HideSolutionNode = FALSE
	EndGlobalSection
	GlobalSection(MonoDevelopProperties) = preSolution
		StartupItem = Assembly-CSharp.csproj
	EndGlobalSection
EndGlobal
