
Microsoft Visual Studio Solution File, Format Version 12.00
# Visual Studio 15
Project("{FAE04EC0-301F-11D3-BF4B-00C04F79EFBC}") = "Assembly-CSharp", "Assembly-CSharp.csproj", "{7AC69D42-2EEA-F3B9-3059-224EED6F6D89}"
EndProject
Global
	GlobalSection(SolutionConfigurationPlatforms) = preSolution
		Debug|Any CPU = Debug|Any CPU
		Release|Any CPU = Release|Any CPU
	EndGlobalSection
	GlobalSection(ProjectConfigurationPlatforms) = postSolution
		{7AC69D42-2EEA-F3B9-3059-224EED6F6D89}.Debug|Any CPU.ActiveCfg = Debug|Any CPU
		{7AC69D42-2EEA-F3B9-3059-224EED6F6D89}.Debug|Any CPU.Build.0 = Debug|Any CPU
		{7AC69D42-2EEA-F3B9-3059-224EED6F6D89}.Release|Any CPU.ActiveCfg = Release|Any CPU
		{7AC69D42-2EEA-F3B9-3059-224EED6F6D89}.Release|Any CPU.Build.0 = Release|Any CPU
	EndGlobalSection
	GlobalSection(SolutionProperties) = preSolution
		HideSolutionNode = FALSE
	EndGlobalSection
	GlobalSection(MonoDevelopProperties) = preSolution
		StartupItem = Assembly-CSharp.csproj
	EndGlobalSection
EndGlobal
